
Microsoft Visual Studio Solution File, Format Version 12.00
# Visual Studio Version 17
VisualStudioVersion = 17.14.36915.13 d17.14
MinimumVisualStudioVersion = 10.0.40219.1
Project("{FAE04EC0-301F-11D3-BF4B-00C04F79EFBC}") = "ExceptionHandlingDemo", "ExceptionHandlingDemo\ExceptionHandlingDemo.csproj", "{89E15758-BB6F-4A16-8541-2DB0424E3844}"
EndProject
Global
	GlobalSection(SolutionConfigurationPlatforms) = preSolution
		Debug|Any CPU = Debug|Any CPU
		Release|Any CPU = Release|Any CPU
	EndGlobalSection
	GlobalSection(ProjectConfigurationPlatforms) = postSolution
		{89E15758-BB6F-4A16-8541-2DB0424E3844}.Debug|Any CPU.ActiveCfg = Debug|Any CPU
		{89E15758-BB6F-4A16-8541-2DB0424E3844}.Debug|Any CPU.Build.0 = Debug|Any CPU
		{89E15758-BB6F-4A16-8541-2DB0424E3844}.Release|Any CPU.ActiveCfg = Release|Any CPU
		{89E15758-BB6F-4A16-8541-2DB0424E3844}.Release|Any CPU.Build.0 = Release|Any CPU
	EndGlobalSection
	GlobalSection(SolutionProperties) = preSolution
		HideSolutionNode = FALSE
	EndGlobalSection
	GlobalSection(ExtensibilityGlobals) = postSolution
		SolutionGuid = {6A630F71-DC3E-4691-B5AA-2CFE33EED19A}
	EndGlobalSection
EndGlobal
