
Microsoft Visual Studio Solution File, Format Version 12.00
# Visual Studio Version 17
VisualStudioVersion = 17.0.31903.59
MinimumVisualStudioVersion = 10.0.40219.1
Project("{FAE04EC0-301F-11D3-BF4B-00C04F79EFBC}") = "ConsoleApp", "ConsoleApp\ConsoleApp.csproj", "{F0D3FB17-F702-4C41-A096-E7BE2EE4B6A8}"
EndProject
Project("{FAE04EC0-301F-11D3-BF4B-00C04F79EFBC}") = "utilities", "utilities\utilities.csproj", "{C8FE5CA1-9FD2-4798-A6CD-26237F8A5F47}"
EndProject
Global
	GlobalSection(SolutionConfigurationPlatforms) = preSolution
		Debug|Any CPU = Debug|Any CPU
		Debug|x64 = Debug|x64
		Debug|x86 = Debug|x86
		Release|Any CPU = Release|Any CPU
		Release|x64 = Release|x64
		Release|x86 = Release|x86
	EndGlobalSection
	GlobalSection(ProjectConfigurationPlatforms) = postSolution
		{F0D3FB17-F702-4C41-A096-E7BE2EE4B6A8}.Debug|Any CPU.ActiveCfg = Debug|Any CPU
		{F0D3FB17-F702-4C41-A096-E7BE2EE4B6A8}.Debug|Any CPU.Build.0 = Debug|Any CPU
		{F0D3FB17-F702-4C41-A096-E7BE2EE4B6A8}.Debug|x64.ActiveCfg = Debug|Any CPU
		{F0D3FB17-F702-4C41-A096-E7BE2EE4B6A8}.Debug|x64.Build.0 = Debug|Any CPU
		{F0D3FB17-F702-4C41-A096-E7BE2EE4B6A8}.Debug|x86.ActiveCfg = Debug|Any CPU
		{F0D3FB17-F702-4C41-A096-E7BE2EE4B6A8}.Debug|x86.Build.0 = Debug|Any CPU
		{F0D3FB17-F702-4C41-A096-E7BE2EE4B6A8}.Release|Any CPU.ActiveCfg = Release|Any CPU
		{F0D3FB17-F702-4C41-A096-E7BE2EE4B6A8}.Release|Any CPU.Build.0 = Release|Any CPU
		{F0D3FB17-F702-4C41-A096-E7BE2EE4B6A8}.Release|x64.ActiveCfg = Release|Any CPU
		{F0D3FB17-F702-4C41-A096-E7BE2EE4B6A8}.Release|x64.Build.0 = Release|Any CPU
		{F0D3FB17-F702-4C41-A096-E7BE2EE4B6A8}.Release|x86.ActiveCfg = Release|Any CPU
		{F0D3FB17-F702-4C41-A096-E7BE2EE4B6A8}.Release|x86.Build.0 = Release|Any CPU
		{C8FE5CA1-9FD2-4798-A6CD-26237F8A5F47}.Debug|Any CPU.ActiveCfg = Debug|Any CPU
		{C8FE5CA1-9FD2-4798-A6CD-26237F8A5F47}.Debug|Any CPU.Build.0 = Debug|Any CPU
		{C8FE5CA1-9FD2-4798-A6CD-26237F8A5F47}.Debug|x64.ActiveCfg = Debug|Any CPU
		{C8FE5CA1-9FD2-4798-A6CD-26237F8A5F47}.Debug|x64.Build.0 = Debug|Any CPU
		{C8FE5CA1-9FD2-4798-A6CD-26237F8A5F47}.Debug|x86.ActiveCfg = Debug|Any CPU
		{C8FE5CA1-9FD2-4798-A6CD-26237F8A5F47}.Debug|x86.Build.0 = Debug|Any CPU
		{C8FE5CA1-9FD2-4798-A6CD-26237F8A5F47}.Release|Any CPU.ActiveCfg = Release|Any CPU
		{C8FE5CA1-9FD2-4798-A6CD-26237F8A5F47}.Release|Any CPU.Build.0 = Release|Any CPU
		{C8FE5CA1-9FD2-4798-A6CD-26237F8A5F47}.Release|x64.ActiveCfg = Release|Any CPU
		{C8FE5CA1-9FD2-4798-A6CD-26237F8A5F47}.Release|x64.Build.0 = Release|Any CPU
		{C8FE5CA1-9FD2-4798-A6CD-26237F8A5F47}.Release|x86.ActiveCfg = Release|Any CPU
		{C8FE5CA1-9FD2-4798-A6CD-26237F8A5F47}.Release|x86.Build.0 = Release|Any CPU
	EndGlobalSection
	GlobalSection(SolutionProperties) = preSolution
		HideSolutionNode = FALSE
	EndGlobalSection
EndGlobal
