
Microsoft Visual Studio Solution File, Format Version 12.00
# Visual Studio Version 17
VisualStudioVersion = 17.0.31903.59
MinimumVisualStudioVersion = 10.0.40219.1
Project("{FAE04EC0-301F-11D3-BF4B-00C04F79EFBC}") = "ConsoleApp", "ConsoleApp\ConsoleApp.csproj", "{86CEE90A-896F-4187-958D-35313657923D}"
EndProject
Project("{FAE04EC0-301F-11D3-BF4B-00C04F79EFBC}") = "utilities", "utilities\utilities.csproj", "{7CCB560D-4160-44F1-A265-294EABC0F4DC}"
EndProject
Global
	GlobalSection(SolutionConfigurationPlatforms) = preSolution
		Debug|Any CPU = Debug|Any CPU
		Debug|x64 = Debug|x64
		Debug|x86 = Debug|x86
		Release|Any CPU = Release|Any CPU
		Release|x64 = Release|x64
		Release|x86 = Release|x86
	EndGlobalSection
	GlobalSection(ProjectConfigurationPlatforms) = postSolution
		{86CEE90A-896F-4187-958D-35313657923D}.Debug|Any CPU.ActiveCfg = Debug|Any CPU
		{86CEE90A-896F-4187-958D-35313657923D}.Debug|Any CPU.Build.0 = Debug|Any CPU
		{86CEE90A-896F-4187-958D-35313657923D}.Debug|x64.ActiveCfg = Debug|Any CPU
		{86CEE90A-896F-4187-958D-35313657923D}.Debug|x64.Build.0 = Debug|Any CPU
		{86CEE90A-896F-4187-958D-35313657923D}.Debug|x86.ActiveCfg = Debug|Any CPU
		{86CEE90A-896F-4187-958D-35313657923D}.Debug|x86.Build.0 = Debug|Any CPU
		{86CEE90A-896F-4187-958D-35313657923D}.Release|Any CPU.ActiveCfg = Release|Any CPU
		{86CEE90A-896F-4187-958D-35313657923D}.Release|Any CPU.Build.0 = Release|Any CPU
		{86CEE90A-896F-4187-958D-35313657923D}.Release|x64.ActiveCfg = Release|Any CPU
		{86CEE90A-896F-4187-958D-35313657923D}.Release|x64.Build.0 = Release|Any CPU
		{86CEE90A-896F-4187-958D-35313657923D}.Release|x86.ActiveCfg = Release|Any CPU
		{86CEE90A-896F-4187-958D-35313657923D}.Release|x86.Build.0 = Release|Any CPU
		{7CCB560D-4160-44F1-A265-294EABC0F4DC}.Debug|Any CPU.ActiveCfg = Debug|Any CPU
		{7CCB560D-4160-44F1-A265-294EABC0F4DC}.Debug|Any CPU.Build.0 = Debug|Any CPU
		{7CCB560D-4160-44F1-A265-294EABC0F4DC}.Debug|x64.ActiveCfg = Debug|Any CPU
		{7CCB560D-4160-44F1-A265-294EABC0F4DC}.Debug|x64.Build.0 = Debug|Any CPU
		{7CCB560D-4160-44F1-A265-294EABC0F4DC}.Debug|x86.ActiveCfg = Debug|Any CPU
		{7CCB560D-4160-44F1-A265-294EABC0F4DC}.Debug|x86.Build.0 = Debug|Any CPU
		{7CCB560D-4160-44F1-A265-294EABC0F4DC}.Release|Any CPU.ActiveCfg = Release|Any CPU
		{7CCB560D-4160-44F1-A265-294EABC0F4DC}.Release|Any CPU.Build.0 = Release|Any CPU
		{7CCB560D-4160-44F1-A265-294EABC0F4DC}.Release|x64.ActiveCfg = Release|Any CPU
		{7CCB560D-4160-44F1-A265-294EABC0F4DC}.Release|x64.Build.0 = Release|Any CPU
		{7CCB560D-4160-44F1-A265-294EABC0F4DC}.Release|x86.ActiveCfg = Release|Any CPU
		{7CCB560D-4160-44F1-A265-294EABC0F4DC}.Release|x86.Build.0 = Release|Any CPU
	EndGlobalSection
	GlobalSection(SolutionProperties) = preSolution
		HideSolutionNode = FALSE
	EndGlobalSection
EndGlobal
